
Microsoft Visual Studio Solution File, Format Version 12.00
# Visual Studio Version 17
VisualStudioVersion = 17.11.35222.181
MinimumVisualStudioVersion = 10.0.40219.1
Project("{FAE04EC0-301F-11D3-BF4B-00C04F79EFBC}") = "WpfApp1", "WpfApp1\WpfApp1.csproj", "{1DAE320A-1289-4B66-BF6C-5A2EF631A5DA}"
EndProject
Global
	GlobalSection(SolutionConfigurationPlatforms) = preSolution
		Debug|Any CPU = Debug|Any CPU
		Release|Any CPU = Release|Any CPU
	EndGlobalSection
	GlobalSection(ProjectConfigurationPlatforms) = postSolution
		{1DAE320A-1289-4B66-BF6C-5A2EF631A5DA}.Debug|Any CPU.ActiveCfg = Debug|Any CPU
		{1DAE320A-1289-4B66-BF6C-5A2EF631A5DA}.Debug|Any CPU.Build.0 = Debug|Any CPU
		{1DAE320A-1289-4B66-BF6C-5A2EF631A5DA}.Release|Any CPU.ActiveCfg = Release|Any CPU
		{1DAE320A-1289-4B66-BF6C-5A2EF631A5DA}.Release|Any CPU.Build.0 = Release|Any CPU
	EndGlobalSection
	GlobalSection(SolutionProperties) = preSolution
		HideSolutionNode = FALSE
	EndGlobalSection
	GlobalSection(ExtensibilityGlobals) = postSolution
		SolutionGuid = {354C276B-5520-4C58-8630-0BB68DC0B2F5}
	EndGlobalSection
EndGlobal
