
Microsoft Visual Studio Solution File, Format Version 12.00
# Visual Studio Version 17
VisualStudioVersion = 17.11.35222.181
MinimumVisualStudioVersion = 10.0.40219.1
Project("{FAE04EC0-301F-11D3-BF4B-00C04F79EFBC}") = "WpfApp1", "WpfApp1\WpfApp1.csproj", "{0E7C80DC-C7A0-4F76-BEA1-56EE51DEBA3B}"
EndProject
Global
	GlobalSection(SolutionConfigurationPlatforms) = preSolution
		Debug|Any CPU = Debug|Any CPU
		Release|Any CPU = Release|Any CPU
	EndGlobalSection
	GlobalSection(ProjectConfigurationPlatforms) = postSolution
		{0E7C80DC-C7A0-4F76-BEA1-56EE51DEBA3B}.Debug|Any CPU.ActiveCfg = Debug|Any CPU
		{0E7C80DC-C7A0-4F76-BEA1-56EE51DEBA3B}.Debug|Any CPU.Build.0 = Debug|Any CPU
		{0E7C80DC-C7A0-4F76-BEA1-56EE51DEBA3B}.Release|Any CPU.ActiveCfg = Release|Any CPU
		{0E7C80DC-C7A0-4F76-BEA1-56EE51DEBA3B}.Release|Any CPU.Build.0 = Release|Any CPU
	EndGlobalSection
	GlobalSection(SolutionProperties) = preSolution
		HideSolutionNode = FALSE
	EndGlobalSection
	GlobalSection(ExtensibilityGlobals) = postSolution
		SolutionGuid = {3B52983C-0E58-4E97-8B9B-95DDAB7DD7F6}
	EndGlobalSection
EndGlobal
