
Microsoft Visual Studio Solution File, Format Version 12.00
# Visual Studio Version 17
VisualStudioVersion = 17.11.35222.181
MinimumVisualStudioVersion = 10.0.40219.1
Project("{FAE04EC0-301F-11D3-BF4B-00C04F79EFBC}") = "WpfApp1", "WpfApp1\WpfApp1.csproj", "{6E6D69D5-B4B1-47AB-B068-BAFC2E3C83EA}"
EndProject
Global
	GlobalSection(SolutionConfigurationPlatforms) = preSolution
		Debug|Any CPU = Debug|Any CPU
		Release|Any CPU = Release|Any CPU
	EndGlobalSection
	GlobalSection(ProjectConfigurationPlatforms) = postSolution
		{6E6D69D5-B4B1-47AB-B068-BAFC2E3C83EA}.Debug|Any CPU.ActiveCfg = Debug|Any CPU
		{6E6D69D5-B4B1-47AB-B068-BAFC2E3C83EA}.Debug|Any CPU.Build.0 = Debug|Any CPU
		{6E6D69D5-B4B1-47AB-B068-BAFC2E3C83EA}.Release|Any CPU.ActiveCfg = Release|Any CPU
		{6E6D69D5-B4B1-47AB-B068-BAFC2E3C83EA}.Release|Any CPU.Build.0 = Release|Any CPU
	EndGlobalSection
	GlobalSection(SolutionProperties) = preSolution
		HideSolutionNode = FALSE
	EndGlobalSection
	GlobalSection(ExtensibilityGlobals) = postSolution
		SolutionGuid = {62FBFB4D-9D79-46E4-B792-38DE8A19BD0D}
	EndGlobalSection
EndGlobal
